// !$*UTF8*$!
{
	archiveVersion = 1;
	classes = {
	};
	objectVersion = 46;
	objects = {

/* Begin PBXBuildFile section */
		4B1FF5771FBE43E0004E9897 /* AppDelegate.swift in Sources */ = {isa = PBXBuildFile; fileRef = 4B1FF5761FBE43E0004E9897 /* AppDelegate.swift */; };
		4B1FF5791FBE43E0004E9897 /* SignInVC.swift in Sources */ = {isa = PBXBuildFile; fileRef = 4B1FF5781FBE43E0004E9897 /* SignInVC.swift */; };
		4B1FF57C1FBE43E1004E9897 /* Main.storyboard in Resources */ = {isa = PBXBuildFile; fileRef = 4B1FF57A1FBE43E1004E9897 /* Main.storyboard */; };
		4B1FF57E1FBE43E1004E9897 /* Assets.xcassets in Resources */ = {isa = PBXBuildFile; fileRef = 4B1FF57D1FBE43E1004E9897 /* Assets.xcassets */; };
		4B1FF5811FBE43E1004E9897 /* LaunchScreen.storyboard in Resources */ = {isa = PBXBuildFile; fileRef = 4B1FF57F1FBE43E1004E9897 /* LaunchScreen.storyboard */; };
		4B1FF5891FBE4697004E9897 /* GoogleService-Info.plist in Resources */ = {isa = PBXBuildFile; fileRef = 4B1FF5881FBE4697004E9897 /* GoogleService-Info.plist */; };
		4B773AFA1FC0B4A70019942A /* FeedVC.swift in Sources */ = {isa = PBXBuildFile; fileRef = 4B773AF91FC0B4A70019942A /* FeedVC.swift */; };
		4B773AFC1FC0E6B30019942A /* CircleImageView.swift in Sources */ = {isa = PBXBuildFile; fileRef = 4B773AFB1FC0E6B30019942A /* CircleImageView.swift */; };
		4BBF76731FBF399900E7B09C /* FancyView.swift in Sources */ = {isa = PBXBuildFile; fileRef = 4BBF76721FBF399900E7B09C /* FancyView.swift */; };
		4BBF76761FBF3A3000E7B09C /* Constants.swift in Sources */ = {isa = PBXBuildFile; fileRef = 4BBF76751FBF3A3000E7B09C /* Constants.swift */; };
		4BBF76781FBF3CFA00E7B09C /* RoundBtn.swift in Sources */ = {isa = PBXBuildFile; fileRef = 4BBF76771FBF3CFA00E7B09C /* RoundBtn.swift */; };
		4BBF767A1FBF3F2400E7B09C /* FancyField.swift in Sources */ = {isa = PBXBuildFile; fileRef = 4BBF76791FBF3F2400E7B09C /* FancyField.swift */; };
		4BBF767C1FBF405500E7B09C /* FancyBtn.swift in Sources */ = {isa = PBXBuildFile; fileRef = 4BBF767B1FBF405500E7B09C /* FancyBtn.swift */; };
		EC177A299C9E0CAA339F1F67 /* Pods_SocialApp.framework in Frameworks */ = {isa = PBXBuildFile; fileRef = 1C411E5A0DAF5D597249C302 /* Pods_SocialApp.framework */; };
/* End PBXBuildFile section */

/* Begin PBXFileReference section */
		1C411E5A0DAF5D597249C302 /* Pods_SocialApp.framework */ = {isa = PBXFileReference; explicitFileType = wrapper.framework; includeInIndex = 0; path = Pods_SocialApp.framework; sourceTree = BUILT_PRODUCTS_DIR; };
		4B1FF5731FBE43E0004E9897 /* SocialApp.app */ = {isa = PBXFileReference; explicitFileType = wrapper.application; includeInIndex = 0; path = SocialApp.app; sourceTree = BUILT_PRODUCTS_DIR; };
		4B1FF5761FBE43E0004E9897 /* AppDelegate.swift */ = {isa = PBXFileReference; lastKnownFileType = sourcecode.swift; path = AppDelegate.swift; sourceTree = "<group>"; };
		4B1FF5781FBE43E0004E9897 /* SignInVC.swift */ = {isa = PBXFileReference; lastKnownFileType = sourcecode.swift; path = SignInVC.swift; sourceTree = "<group>"; };
		4B1FF57B1FBE43E1004E9897 /* Base */ = {isa = PBXFileReference; lastKnownFileType = file.storyboard; name = Base; path = Base.lproj/Main.storyboard; sourceTree = "<group>"; };
		4B1FF57D1FBE43E1004E9897 /* Assets.xcassets */ = {isa = PBXFileReference; lastKnownFileType = folder.assetcatalog; path = Assets.xcassets; sourceTree = "<group>"; };
		4B1FF5801FBE43E1004E9897 /* Base */ = {isa = PBXFileReference; lastKnownFileType = file.storyboard; name = Base; path = Base.lproj/LaunchScreen.storyboard; sourceTree = "<group>"; };
		4B1FF5821FBE43E1004E9897 /* Info.plist */ = {isa = PBXFileReference; lastKnownFileType = text.plist.xml; path = Info.plist; sourceTree = "<group>"; };
		4B1FF5881FBE4697004E9897 /* GoogleService-Info.plist */ = {isa = PBXFileReference; fileEncoding = 4; lastKnownFileType = text.plist.xml; path = "GoogleService-Info.plist"; sourceTree = "<group>"; };
		4B773AF91FC0B4A70019942A /* FeedVC.swift */ = {isa = PBXFileReference; fileEncoding = 4; lastKnownFileType = sourcecode.swift; path = FeedVC.swift; sourceTree = "<group>"; };
		4B773AFB1FC0E6B30019942A /* CircleImageView.swift */ = {isa = PBXFileReference; fileEncoding = 4; lastKnownFileType = sourcecode.swift; path = CircleImageView.swift; sourceTree = "<group>"; };
		4BBF76721FBF399900E7B09C /* FancyView.swift */ = {isa = PBXFileReference; fileEncoding = 4; lastKnownFileType = sourcecode.swift; path = FancyView.swift; sourceTree = "<group>"; };
		4BBF76751FBF3A3000E7B09C /* Constants.swift */ = {isa = PBXFileReference; fileEncoding = 4; lastKnownFileType = sourcecode.swift; path = Constants.swift; sourceTree = "<group>"; };
		4BBF76771FBF3CFA00E7B09C /* RoundBtn.swift */ = {isa = PBXFileReference; fileEncoding = 4; lastKnownFileType = sourcecode.swift; path = RoundBtn.swift; sourceTree = "<group>"; };
		4BBF76791FBF3F2400E7B09C /* FancyField.swift */ = {isa = PBXFileReference; fileEncoding = 4; lastKnownFileType = sourcecode.swift; path = FancyField.swift; sourceTree = "<group>"; };
		4BBF767B1FBF405500E7B09C /* FancyBtn.swift */ = {isa = PBXFileReference; fileEncoding = 4; lastKnownFileType = sourcecode.swift; path = FancyBtn.swift; sourceTree = "<group>"; };
		8EEBB83B45C0B2A59A8D6503 /* Pods-SocialApp.debug.xcconfig */ = {isa = PBXFileReference; includeInIndex = 1; lastKnownFileType = text.xcconfig; name = "Pods-SocialApp.debug.xcconfig"; path = "Pods/Target Support Files/Pods-SocialApp/Pods-SocialApp.debug.xcconfig"; sourceTree = "<group>"; };
		CD0DC3918107F75CDDF06D83 /* Pods-SocialApp.release.xcconfig */ = {isa = PBXFileReference; includeInIndex = 1; lastKnownFileType = text.xcconfig; name = "Pods-SocialApp.release.xcconfig"; path = "Pods/Target Support Files/Pods-SocialApp/Pods-SocialApp.release.xcconfig"; sourceTree = "<group>"; };
/* End PBXFileReference section */

/* Begin PBXFrameworksBuildPhase section */
		4B1FF5701FBE43E0004E9897 /* Frameworks */ = {
			isa = PBXFrameworksBuildPhase;
			buildActionMask = 2147483647;
			files = (
				EC177A299C9E0CAA339F1F67 /* Pods_SocialApp.framework in Frameworks */,
			);
			runOnlyForDeploymentPostprocessing = 0;
		};
/* End PBXFrameworksBuildPhase section */

/* Begin PBXGroup section */
		4B1FF56A1FBE43E0004E9897 = {
			isa = PBXGroup;
			children = (
				4B1FF5751FBE43E0004E9897 /* SocialApp */,
				4B1FF5741FBE43E0004E9897 /* Products */,
				702FC769D726AC9DAA0B4732 /* Pods */,
				743F4B5FD9BBF450CA4A0E35 /* Frameworks */,
			);
			sourceTree = "<group>";
		};
		4B1FF5741FBE43E0004E9897 /* Products */ = {
			isa = PBXGroup;
			children = (
				4B1FF5731FBE43E0004E9897 /* SocialApp.app */,
			);
			name = Products;
			sourceTree = "<group>";
		};
		4B1FF5751FBE43E0004E9897 /* SocialApp */ = {
			isa = PBXGroup;
			children = (
				4BBF76741FBF39FB00E7B09C /* Util */,
				4BBF76711FBE5B5400E7B09C /* Model */,
				4BBF76701FBE5B4A00E7B09C /* View */,
				4BBF766F1FBE5B4400E7B09C /* Controller */,
				4B1FF57A1FBE43E1004E9897 /* Main.storyboard */,
				4B1FF57D1FBE43E1004E9897 /* Assets.xcassets */,
				4B1FF57F1FBE43E1004E9897 /* LaunchScreen.storyboard */,
				4B1FF5821FBE43E1004E9897 /* Info.plist */,
				4B1FF5881FBE4697004E9897 /* GoogleService-Info.plist */,
			);
			path = SocialApp;
			sourceTree = "<group>";
		};
		4BBF766F1FBE5B4400E7B09C /* Controller */ = {
			isa = PBXGroup;
			children = (
				4B1FF5761FBE43E0004E9897 /* AppDelegate.swift */,
				4B1FF5781FBE43E0004E9897 /* SignInVC.swift */,
			);
			name = Controller;
			sourceTree = "<group>";
		};
		4BBF76701FBE5B4A00E7B09C /* View */ = {
			isa = PBXGroup;
			children = (
				4BBF76721FBF399900E7B09C /* FancyView.swift */,
				4BBF76771FBF3CFA00E7B09C /* RoundBtn.swift */,
				4BBF76791FBF3F2400E7B09C /* FancyField.swift */,
				4BBF767B1FBF405500E7B09C /* FancyBtn.swift */,
				4B773AF91FC0B4A70019942A /* FeedVC.swift */,
				4B773AFB1FC0E6B30019942A /* CircleImageView.swift */,
			);
			name = View;
			sourceTree = "<group>";
		};
		4BBF76711FBE5B5400E7B09C /* Model */ = {
			isa = PBXGroup;
			children = (
			);
			name = Model;
			sourceTree = "<group>";
		};
		4BBF76741FBF39FB00E7B09C /* Util */ = {
			isa = PBXGroup;
			children = (
				4BBF76751FBF3A3000E7B09C /* Constants.swift */,
			);
			name = Util;
			path = ..;
			sourceTree = "<group>";
		};
		702FC769D726AC9DAA0B4732 /* Pods */ = {
			isa = PBXGroup;
			children = (
				8EEBB83B45C0B2A59A8D6503 /* Pods-SocialApp.debug.xcconfig */,
				CD0DC3918107F75CDDF06D83 /* Pods-SocialApp.release.xcconfig */,
			);
			name = Pods;
			sourceTree = "<group>";
		};
		743F4B5FD9BBF450CA4A0E35 /* Frameworks */ = {
			isa = PBXGroup;
			children = (
				1C411E5A0DAF5D597249C302 /* Pods_SocialApp.framework */,
			);
			name = Frameworks;
			sourceTree = "<group>";
		};
/* End PBXGroup section */

/* Begin PBXNativeTarget section */
		4B1FF5721FBE43E0004E9897 /* SocialApp */ = {
			isa = PBXNativeTarget;
			buildConfigurationList = 4B1FF5851FBE43E1004E9897 /* Build configuration list for PBXNativeTarget "SocialApp" */;
			buildPhases = (
				86E802FF361CB4EF915AC052 /* [CP] Check Pods Manifest.lock */,
				4B1FF56F1FBE43E0004E9897 /* Sources */,
				4B1FF5701FBE43E0004E9897 /* Frameworks */,
				4B1FF5711FBE43E0004E9897 /* Resources */,
				0C9F0E547191CB6BD76FCC12 /* [CP] Embed Pods Frameworks */,
				8361BBDDD18848B7B43316AF /* [CP] Copy Pods Resources */,
			);
			buildRules = (
			);
			dependencies = (
			);
			name = SocialApp;
			productName = SocialApp;
			productReference = 4B1FF5731FBE43E0004E9897 /* SocialApp.app */;
			productType = "com.apple.product-type.application";
		};
/* End PBXNativeTarget section */

/* Begin PBXProject section */
		4B1FF56B1FBE43E0004E9897 /* Project object */ = {
			isa = PBXProject;
			attributes = {
				LastSwiftUpdateCheck = 0830;
				LastUpgradeCheck = 0830;
				ORGANIZATIONNAME = Andi;
				TargetAttributes = {
					4B1FF5721FBE43E0004E9897 = {
						CreatedOnToolsVersion = 8.3.3;
						ProvisioningStyle = Automatic;
					};
				};
			};
			buildConfigurationList = 4B1FF56E1FBE43E0004E9897 /* Build configuration list for PBXProject "SocialApp" */;
			compatibilityVersion = "Xcode 3.2";
			developmentRegion = English;
			hasScannedForEncodings = 0;
			knownRegions = (
				en,
				Base,
			);
			mainGroup = 4B1FF56A1FBE43E0004E9897;
			productRefGroup = 4B1FF5741FBE43E0004E9897 /* Products */;
			projectDirPath = "";
			projectRoot = "";
			targets = (
				4B1FF5721FBE43E0004E9897 /* SocialApp */,
			);
		};
/* End PBXProject section */

/* Begin PBXResourcesBuildPhase section */
		4B1FF5711FBE43E0004E9897 /* Resources */ = {
			isa = PBXResourcesBuildPhase;
			buildActionMask = 2147483647;
			files = (
				4B1FF5811FBE43E1004E9897 /* LaunchScreen.storyboard in Resources */,
				4B1FF5891FBE4697004E9897 /* GoogleService-Info.plist in Resources */,
				4B1FF57E1FBE43E1004E9897 /* Assets.xcassets in Resources */,
				4B1FF57C1FBE43E1004E9897 /* Main.storyboard in Resources */,
			);
			runOnlyForDeploymentPostprocessing = 0;
		};
/* End PBXResourcesBuildPhase section */

/* Begin PBXShellScriptBuildPhase section */
		0C9F0E547191CB6BD76FCC12 /* [CP] Embed Pods Frameworks */ = {
			isa = PBXShellScriptBuildPhase;
			buildActionMask = 2147483647;
			files = (
			);
			inputPaths = (
				"${SRCROOT}/Pods/Target Support Files/Pods-SocialApp/Pods-SocialApp-frameworks.sh",
				"${BUILT_PRODUCTS_DIR}/Bolts/Bolts.framework",
				"${BUILT_PRODUCTS_DIR}/FBSDKCoreKit/FBSDKCoreKit.framework",
				"${BUILT_PRODUCTS_DIR}/FBSDKLoginKit/FBSDKLoginKit.framework",
				"${BUILT_PRODUCTS_DIR}/GTMSessionFetcher/GTMSessionFetcher.framework",
				"${BUILT_PRODUCTS_DIR}/GoogleToolboxForMac/GoogleToolboxForMac.framework",
				"${BUILT_PRODUCTS_DIR}/SwiftKeychainWrapper/SwiftKeychainWrapper.framework",
				"${BUILT_PRODUCTS_DIR}/leveldb-library/leveldb.framework",
				"${BUILT_PRODUCTS_DIR}/nanopb/nanopb.framework",
			);
			name = "[CP] Embed Pods Frameworks";
			outputPaths = (
				"${TARGET_BUILD_DIR}/${FRAMEWORKS_FOLDER_PATH}/Bolts.framework",
				"${TARGET_BUILD_DIR}/${FRAMEWORKS_FOLDER_PATH}/FBSDKCoreKit.framework",
				"${TARGET_BUILD_DIR}/${FRAMEWORKS_FOLDER_PATH}/FBSDKLoginKit.framework",
				"${TARGET_BUILD_DIR}/${FRAMEWORKS_FOLDER_PATH}/GTMSessionFetcher.framework",
				"${TARGET_BUILD_DIR}/${FRAMEWORKS_FOLDER_PATH}/GoogleToolboxForMac.framework",
				"${TARGET_BUILD_DIR}/${FRAMEWORKS_FOLDER_PATH}/SwiftKeychainWrapper.framework",
				"${TARGET_BUILD_DIR}/${FRAMEWORKS_FOLDER_PATH}/leveldb.framework",
				"${TARGET_BUILD_DIR}/${FRAMEWORKS_FOLDER_PATH}/nanopb.framework",
			);
			runOnlyForDeploymentPostprocessing = 0;
			shellPath = /bin/sh;
			shellScript = "\"${SRCROOT}/Pods/Target Support Files/Pods-SocialApp/Pods-SocialApp-frameworks.sh\"\n";
			showEnvVarsInLog = 0;
		};
		8361BBDDD18848B7B43316AF /* [CP] Copy Pods Resources */ = {
			isa = PBXShellScriptBuildPhase;
			buildActionMask = 2147483647;
			files = (
			);
			inputPaths = (
			);
			name = "[CP] Copy Pods Resources";
			outputPaths = (
			);
			runOnlyForDeploymentPostprocessing = 0;
			shellPath = /bin/sh;
			shellScript = "\"${SRCROOT}/Pods/Target Support Files/Pods-SocialApp/Pods-SocialApp-resources.sh\"\n";
			showEnvVarsInLog = 0;
		};
		86E802FF361CB4EF915AC052 /* [CP] Check Pods Manifest.lock */ = {
			isa = PBXShellScriptBuildPhase;
			buildActionMask = 2147483647;
			files = (
			);
			inputPaths = (
				"${PODS_PODFILE_DIR_PATH}/Podfile.lock",
				"${PODS_ROOT}/Manifest.lock",
			);
			name = "[CP] Check Pods Manifest.lock";
			outputPaths = (
				"$(DERIVED_FILE_DIR)/Pods-SocialApp-checkManifestLockResult.txt",
			);
			runOnlyForDeploymentPostprocessing = 0;
			shellPath = /bin/sh;
			shellScript = "diff \"${PODS_PODFILE_DIR_PATH}/Podfile.lock\" \"${PODS_ROOT}/Manifest.lock\" > /dev/null\nif [ $? != 0 ] ; then\n    # print error to STDERR\n    echo \"error: The sandbox is not in sync with the Podfile.lock. Run 'pod install' or update your CocoaPods installation.\" >&2\n    exit 1\nfi\n# This output is used by Xcode 'outputs' to avoid re-running this script phase.\necho \"SUCCESS\" > \"${SCRIPT_OUTPUT_FILE_0}\"\n";
			showEnvVarsInLog = 0;
		};
/* End PBXShellScriptBuildPhase section */

/* Begin PBXSourcesBuildPhase section */
		4B1FF56F1FBE43E0004E9897 /* Sources */ = {
			isa = PBXSourcesBuildPhase;
			buildActionMask = 2147483647;
			files = (
				4BBF767A1FBF3F2400E7B09C /* FancyField.swift in Sources */,
				4B773AFC1FC0E6B30019942A /* CircleImageView.swift in Sources */,
				4B1FF5791FBE43E0004E9897 /* SignInVC.swift in Sources */,
				4BBF76781FBF3CFA00E7B09C /* RoundBtn.swift in Sources */,
				4BBF76761FBF3A3000E7B09C /* Constants.swift in Sources */,
				4B773AFA1FC0B4A70019942A /* FeedVC.swift in Sources */,
				4B1FF5771FBE43E0004E9897 /* AppDelegate.swift in Sources */,
				4BBF76731FBF399900E7B09C /* FancyView.swift in Sources */,
				4BBF767C1FBF405500E7B09C /* FancyBtn.swift in Sources */,
			);
			runOnlyForDeploymentPostprocessing = 0;
		};
/* End PBXSourcesBuildPhase section */

/* Begin PBXVariantGroup section */
		4B1FF57A1FBE43E1004E9897 /* Main.storyboard */ = {
			isa = PBXVariantGroup;
			children = (
				4B1FF57B1FBE43E1004E9897 /* Base */,
			);
			name = Main.storyboard;
			sourceTree = "<group>";
		};
		4B1FF57F1FBE43E1004E9897 /* LaunchScreen.storyboard */ = {
			isa = PBXVariantGroup;
			children = (
				4B1FF5801FBE43E1004E9897 /* Base */,
			);
			name = LaunchScreen.storyboard;
			sourceTree = "<group>";
		};
/* End PBXVariantGroup section */

/* Begin XCBuildConfiguration section */
		4B1FF5831FBE43E1004E9897 /* Debug */ = {
			isa = XCBuildConfiguration;
			buildSettings = {
				ALWAYS_SEARCH_USER_PATHS = NO;
				CLANG_ANALYZER_NONNULL = YES;
				CLANG_ANALYZER_NUMBER_OBJECT_CONVERSION = YES_AGGRESSIVE;
				CLANG_CXX_LANGUAGE_STANDARD = "gnu++0x";
				CLANG_CXX_LIBRARY = "libc++";
				CLANG_ENABLE_MODULES = YES;
				CLANG_ENABLE_OBJC_ARC = YES;
				CLANG_WARN_BOOL_CONVERSION = YES;
				CLANG_WARN_CONSTANT_CONVERSION = YES;
				CLANG_WARN_DIRECT_OBJC_ISA_USAGE = YES_ERROR;
				CLANG_WARN_DOCUMENTATION_COMMENTS = YES;
				CLANG_WARN_EMPTY_BODY = YES;
				CLANG_WARN_ENUM_CONVERSION = YES;
				CLANG_WARN_INFINITE_RECURSION = YES;
				CLANG_WARN_INT_CONVERSION = YES;
				CLANG_WARN_OBJC_ROOT_CLASS = YES_ERROR;
				CLANG_WARN_SUSPICIOUS_MOVE = YES;
				CLANG_WARN_UNREACHABLE_CODE = YES;
				CLANG_WARN__DUPLICATE_METHOD_MATCH = YES;
				"CODE_SIGN_IDENTITY[sdk=iphoneos*]" = "iPhone Developer";
				COPY_PHASE_STRIP = NO;
				DEBUG_INFORMATION_FORMAT = dwarf;
				ENABLE_STRICT_OBJC_MSGSEND = YES;
				ENABLE_TESTABILITY = YES;
				GCC_C_LANGUAGE_STANDARD = gnu99;
				GCC_DYNAMIC_NO_PIC = NO;
				GCC_NO_COMMON_BLOCKS = YES;
				GCC_OPTIMIZATION_LEVEL = 0;
				GCC_PREPROCESSOR_DEFINITIONS = (
					"DEBUG=1",
					"$(inherited)",
				);
				GCC_WARN_64_TO_32_BIT_CONVERSION = YES;
				GCC_WARN_ABOUT_RETURN_TYPE = YES_ERROR;
				GCC_WARN_UNDECLARED_SELECTOR = YES;
				GCC_WARN_UNINITIALIZED_AUTOS = YES_AGGRESSIVE;
				GCC_WARN_UNUSED_FUNCTION = YES;
				GCC_WARN_UNUSED_VARIABLE = YES;
				IPHONEOS_DEPLOYMENT_TARGET = 10.3;
				MTL_ENABLE_DEBUG_INFO = YES;
				ONLY_ACTIVE_ARCH = YES;
				SDKROOT = iphoneos;
				SWIFT_ACTIVE_COMPILATION_CONDITIONS = DEBUG;
				SWIFT_OPTIMIZATION_LEVEL = "-Onone";
			};
			name = Debug;
		};
		4B1FF5841FBE43E1004E9897 /* Release */ = {
			isa = XCBuildConfiguration;
			buildSettings = {
				ALWAYS_SEARCH_USER_PATHS = NO;
				CLANG_ANALYZER_NONNULL = YES;
				CLANG_ANALYZER_NUMBER_OBJECT_CONVERSION = YES_AGGRESSIVE;
				CLANG_CXX_LANGUAGE_STANDARD = "gnu++0x";
				CLANG_CXX_LIBRARY = "libc++";
				CLANG_ENABLE_MODULES = YES;
				CLANG_ENABLE_OBJC_ARC = YES;
				CLANG_WARN_BOOL_CONVERSION = YES;
				CLANG_WARN_CONSTANT_CONVERSION = YES;
				CLANG_WARN_DIRECT_OBJC_ISA_USAGE = YES_ERROR;
				CLANG_WARN_DOCUMENTATION_COMMENTS = YES;
				CLANG_WARN_EMPTY_BODY = YES;
				CLANG_WARN_ENUM_CONVERSION = YES;
				CLANG_WARN_INFINITE_RECURSION = YES;
				CLANG_WARN_INT_CONVERSION = YES;
				CLANG_WARN_OBJC_ROOT_CLASS = YES_ERROR;
				CLANG_WARN_SUSPICIOUS_MOVE = YES;
				CLANG_WARN_UNREACHABLE_CODE = YES;
				CLANG_WARN__DUPLICATE_METHOD_MATCH = YES;
				"CODE_SIGN_IDENTITY[sdk=iphoneos*]" = "iPhone Developer";
				COPY_PHASE_STRIP = NO;
				DEBUG_INFORMATION_FORMAT = "dwarf-with-dsym";
				ENABLE_NS_ASSERTIONS = NO;
				ENABLE_STRICT_OBJC_MSGSEND = YES;
				GCC_C_LANGUAGE_STANDARD = gnu99;
				GCC_NO_COMMON_BLOCKS = YES;
				GCC_WARN_64_TO_32_BIT_CONVERSION = YES;
				GCC_WARN_ABOUT_RETURN_TYPE = YES_ERROR;
				GCC_WARN_UNDECLARED_SELECTOR = YES;
				GCC_WARN_UNINITIALIZED_AUTOS = YES_AGGRESSIVE;
				GCC_WARN_UNUSED_FUNCTION = YES;
				GCC_WARN_UNUSED_VARIABLE = YES;
				IPHONEOS_DEPLOYMENT_TARGET = 10.3;
				MTL_ENABLE_DEBUG_INFO = NO;
				SDKROOT = iphoneos;
				SWIFT_OPTIMIZATION_LEVEL = "-Owholemodule";
				VALIDATE_PRODUCT = YES;
			};
			name = Release;
		};
		4B1FF5861FBE43E1004E9897 /* Debug */ = {
			isa = XCBuildConfiguration;
			baseConfigurationReference = 8EEBB83B45C0B2A59A8D6503 /* Pods-SocialApp.debug.xcconfig */;
			buildSettings = {
				ASSETCATALOG_COMPILER_APPICON_NAME = AppIcon;
				INFOPLIST_FILE = SocialApp/Info.plist;
				LD_RUNPATH_SEARCH_PATHS = "$(inherited) @executable_path/Frameworks";
				PRODUCT_BUNDLE_IDENTIFIER = com.AndreasRiexinger.SocialApp;
				PRODUCT_NAME = "$(TARGET_NAME)";
				SWIFT_VERSION = 3.0;
			};
			name = Debug;
		};
		4B1FF5871FBE43E1004E9897 /* Release */ = {
			isa = XCBuildConfiguration;
			baseConfigurationReference = CD0DC3918107F75CDDF06D83 /* Pods-SocialApp.release.xcconfig */;
			buildSettings = {
				ASSETCATALOG_COMPILER_APPICON_NAME = AppIcon;
				INFOPLIST_FILE = SocialApp/Info.plist;
				LD_RUNPATH_SEARCH_PATHS = "$(inherited) @executable_path/Frameworks";
				PRODUCT_BUNDLE_IDENTIFIER = com.AndreasRiexinger.SocialApp;
				PRODUCT_NAME = "$(TARGET_NAME)";
				SWIFT_VERSION = 3.0;
			};
			name = Release;
		};
/* End XCBuildConfiguration section */

/* Begin XCConfigurationList section */
		4B1FF56E1FBE43E0004E9897 /* Build configuration list for PBXProject "SocialApp" */ = {
			isa = XCConfigurationList;
			buildConfigurations = (
				4B1FF5831FBE43E1004E9897 /* Debug */,
				4B1FF5841FBE43E1004E9897 /* Release */,
			);
			defaultConfigurationIsVisible = 0;
			defaultConfigurationName = Release;
		};
		4B1FF5851FBE43E1004E9897 /* Build configuration list for PBXNativeTarget "SocialApp" */ = {
			isa = XCConfigurationList;
			buildConfigurations = (
				4B1FF5861FBE43E1004E9897 /* Debug */,
				4B1FF5871FBE43E1004E9897 /* Release */,
			);
			defaultConfigurationIsVisible = 0;
			defaultConfigurationName = Release;
		};
/* End XCConfigurationList section */
	};
	rootObject = 4B1FF56B1FBE43E0004E9897 /* Project object */;
}
